
Microsoft Visual Studio Solution File, Format Version 12.00
Project("{FAE04EC0-301F-11D3-BF4B-00C04F79EFBC}") = "PedeAI.Domain", "PedeAI.Domain\PedeAI.Domain.csproj", "{1B1E5770-4168-44AE-8E45-5F11E7E4CF03}"
EndProject
Project("{FAE04EC0-301F-11D3-BF4B-00C04F79EFBC}") = "PedeAI.Application", "PedeAI.Application\PedeAI.Application.csproj", "{03B47997-12D4-4B39-806B-B338F2073B72}"
EndProject
Project("{FAE04EC0-301F-11D3-BF4B-00C04F79EFBC}") = "PedeAI.Infrastructure", "PedeAI.Infrastructure\PedeAI.Infrastructure.csproj", "{B668E34D-A3BC-4B60-BC90-CD9FC0DE58EE}"
EndProject
Project("{FAE04EC0-301F-11D3-BF4B-00C04F79EFBC}") = "PedeAI.WebAPI", "PedeAI.WebAPI\PedeAI.WebAPI.csproj", "{D55FFBF0-9C9D-4ED7-A843-AA01BDA2913C}"
EndProject
Project("{FAE04EC0-301F-11D3-BF4B-00C04F79EFBC}") = "PedeAI.Tests", "PedeAI.Tests\PedeAI.Tests.csproj", "{A3D02DF3-3F46-4FBB-8953-74D84F7FAE07}"
EndProject
Global
	GlobalSection(SolutionConfigurationPlatforms) = preSolution
		Debug|Any CPU = Debug|Any CPU
		Release|Any CPU = Release|Any CPU
	EndGlobalSection
	GlobalSection(ProjectConfigurationPlatforms) = postSolution
		{1B1E5770-4168-44AE-8E45-5F11E7E4CF03}.Debug|Any CPU.ActiveCfg = Debug|Any CPU
		{1B1E5770-4168-44AE-8E45-5F11E7E4CF03}.Debug|Any CPU.Build.0 = Debug|Any CPU
		{1B1E5770-4168-44AE-8E45-5F11E7E4CF03}.Release|Any CPU.ActiveCfg = Release|Any CPU
		{1B1E5770-4168-44AE-8E45-5F11E7E4CF03}.Release|Any CPU.Build.0 = Release|Any CPU
		{03B47997-12D4-4B39-806B-B338F2073B72}.Debug|Any CPU.ActiveCfg = Debug|Any CPU
		{03B47997-12D4-4B39-806B-B338F2073B72}.Debug|Any CPU.Build.0 = Debug|Any CPU
		{03B47997-12D4-4B39-806B-B338F2073B72}.Release|Any CPU.ActiveCfg = Release|Any CPU
		{03B47997-12D4-4B39-806B-B338F2073B72}.Release|Any CPU.Build.0 = Release|Any CPU
		{B668E34D-A3BC-4B60-BC90-CD9FC0DE58EE}.Debug|Any CPU.ActiveCfg = Debug|Any CPU
		{B668E34D-A3BC-4B60-BC90-CD9FC0DE58EE}.Debug|Any CPU.Build.0 = Debug|Any CPU
		{B668E34D-A3BC-4B60-BC90-CD9FC0DE58EE}.Release|Any CPU.ActiveCfg = Release|Any CPU
		{B668E34D-A3BC-4B60-BC90-CD9FC0DE58EE}.Release|Any CPU.Build.0 = Release|Any CPU
		{D55FFBF0-9C9D-4ED7-A843-AA01BDA2913C}.Debug|Any CPU.ActiveCfg = Debug|Any CPU
		{D55FFBF0-9C9D-4ED7-A843-AA01BDA2913C}.Debug|Any CPU.Build.0 = Debug|Any CPU
		{D55FFBF0-9C9D-4ED7-A843-AA01BDA2913C}.Release|Any CPU.ActiveCfg = Release|Any CPU
		{D55FFBF0-9C9D-4ED7-A843-AA01BDA2913C}.Release|Any CPU.Build.0 = Release|Any CPU
		{A3D02DF3-3F46-4FBB-8953-74D84F7FAE07}.Debug|Any CPU.ActiveCfg = Debug|Any CPU
		{A3D02DF3-3F46-4FBB-8953-74D84F7FAE07}.Debug|Any CPU.Build.0 = Debug|Any CPU
		{A3D02DF3-3F46-4FBB-8953-74D84F7FAE07}.Release|Any CPU.ActiveCfg = Release|Any CPU
		{A3D02DF3-3F46-4FBB-8953-74D84F7FAE07}.Release|Any CPU.Build.0 = Release|Any CPU
	EndGlobalSection
EndGlobal
